Microsoft Visual Studio Solution File, Format Version 11.00
# Visual Studio 2008

Project("{D07B578E-46C3-BF09-F813-F42A62528CDE}") = "RIT 2014 Imagine Cup Unity Project", "Assembly-CSharp-firstpass-vs.csproj", "{8B2414E8-A871-4120-8468-3E7B748AB0EC}"
EndProject
Project("{D07B578E-46C3-BF09-F813-F42A62528CDE}") = "RIT 2014 Imagine Cup Unity Project", "Assembly-CSharp-vs.csproj", "{CFC561F6-9F43-866F-7A48-09179DD5521F}"
EndProject
Global
	GlobalSection(SolutionConfigurationPlatforms) = preSolution
		Debug|Any CPU = Debug|Any CPU
		Release|Any CPU = Release|Any CPU
	EndGlobalSection
	GlobalSection(ProjectConfigurationPlatforms) = postSolution
		{8B2414E8-A871-4120-8468-3E7B748AB0EC}.Debug|Any CPU.ActiveCfg = Debug|Any CPU
		{8B2414E8-A871-4120-8468-3E7B748AB0EC}.Debug|Any CPU.Build.0 = Debug|Any CPU
		{8B2414E8-A871-4120-8468-3E7B748AB0EC}.Release|Any CPU.ActiveCfg = Release|Any CPU
		{8B2414E8-A871-4120-8468-3E7B748AB0EC}.Release|Any CPU.Build.0 = Release|Any CPU
		{CFC561F6-9F43-866F-7A48-09179DD5521F}.Debug|Any CPU.ActiveCfg = Debug|Any CPU
		{CFC561F6-9F43-866F-7A48-09179DD5521F}.Debug|Any CPU.Build.0 = Debug|Any CPU
		{CFC561F6-9F43-866F-7A48-09179DD5521F}.Release|Any CPU.ActiveCfg = Release|Any CPU
		{CFC561F6-9F43-866F-7A48-09179DD5521F}.Release|Any CPU.Build.0 = Release|Any CPU
	EndGlobalSection
	GlobalSection(SolutionProperties) = preSolution
		HideSolutionNode = FALSE
	EndGlobalSection
<<<<<<< HEAD
																						GlobalSection(MonoDevelopProperties) = preSolution
=======
																				GlobalSection(MonoDevelopProperties) = preSolution
>>>>>>> c82fc10fdc8dba557677204097b04c4d7c4f399b
=======
<<<<<<< HEAD
							GlobalSection(MonoDevelopProperties) = preSolution
=======
				GlobalSection(MonoDevelopProperties) = preSolution
>>>>>>> d6ef8c2790b3da283db88bb95dce649b968477ad
>>>>>>> 4b9795248be6fea077b47011348fdd9626a52e68
		StartupItem = Assembly-CSharp.csproj
		Policies = $0
		$0.TextStylePolicy = $1
		$1.inheritsSet = null
		$1.scope = text/x-csharp
		$0.CSharpFormattingPolicy = $2
		$2.inheritsSet = Mono
		$2.inheritsScope = text/x-csharp
		$2.scope = text/x-csharp
		$0.TextStylePolicy = $3
		$3.FileWidth = 120
		$3.TabWidth = 4
		$3.EolMarker = Unix
		$3.inheritsSet = Mono
		$3.inheritsScope = text/plain
		$3.scope = text/plain
	EndGlobalSection

EndGlobal
